
Microsoft Visual Studio Solution File, Format Version 12.00
# Visual Studio 15
VisualStudioVersion = 15.0.27703.2035
MinimumVisualStudioVersion = 10.0.40219.1
Project("{FAE04EC0-301F-11D3-BF4B-00C04F79EFBC}") = "ClothWeb", "ClothWeb\ClothWeb.csproj", "{44E81DEB-0AB0-43AD-A863-DEE997549FD6}"
EndProject
Project("{FAE04EC0-301F-11D3-BF4B-00C04F79EFBC}") = "ClothWin", "ClothWin\ClothWin.csproj", "{EFF47A5B-FDE0-45DB-AD83-D45B5AF6FA76}"
EndProject
Global
	GlobalSection(Performance) = preSolution
		HasPerformanceSessions = true
	EndGlobalSection
	GlobalSection(SolutionConfigurationPlatforms) = preSolution
		Debug|Any CPU = Debug|Any CPU
		Release|Any CPU = Release|Any CPU
	EndGlobalSection
	GlobalSection(ProjectConfigurationPlatforms) = postSolution
		{44E81DEB-0AB0-43AD-A863-DEE997549FD6}.Debug|Any CPU.ActiveCfg = Debug|Any CPU
		{44E81DEB-0AB0-43AD-A863-DEE997549FD6}.Debug|Any CPU.Build.0 = Debug|Any CPU
		{44E81DEB-0AB0-43AD-A863-DEE997549FD6}.Release|Any CPU.ActiveCfg = Release|Any CPU
		{44E81DEB-0AB0-43AD-A863-DEE997549FD6}.Release|Any CPU.Build.0 = Release|Any CPU
		{EFF47A5B-FDE0-45DB-AD83-D45B5AF6FA76}.Debug|Any CPU.ActiveCfg = Debug|Any CPU
		{EFF47A5B-FDE0-45DB-AD83-D45B5AF6FA76}.Debug|Any CPU.Build.0 = Debug|Any CPU
		{EFF47A5B-FDE0-45DB-AD83-D45B5AF6FA76}.Release|Any CPU.ActiveCfg = Release|Any CPU
		{EFF47A5B-FDE0-45DB-AD83-D45B5AF6FA76}.Release|Any CPU.Build.0 = Release|Any CPU
	EndGlobalSection
	GlobalSection(SolutionProperties) = preSolution
		HideSolutionNode = FALSE
	EndGlobalSection
	GlobalSection(ExtensibilityGlobals) = postSolution
		SolutionGuid = {65007250-BDC6-4761-A5E0-A01A671D58C5}
	EndGlobalSection
	GlobalSection(Performance) = preSolution
		HasPerformanceSessions = true
	EndGlobalSection
EndGlobal
